
Microsoft Visual Studio Solution File, Format Version 12.00
# Visual Studio 2012
Project("{FAE04EC0-301F-11D3-BF4B-00C04F79EFBC}") = "program3", "program3\program3.csproj", "{A370C9DF-EA33-4455-9496-38D096BE5313}"
EndProject
Project("{FAE04EC0-301F-11D3-BF4B-00C04F79EFBC}") = "program2", "program2\program2.csproj", "{289DC1FF-592E-401A-9F06-DD1BA419E537}"
EndProject
Project("{FAE04EC0-301F-11D3-BF4B-00C04F79EFBC}") = "program1", "program1\program1.csproj", "{71337F44-8CB4-4CD5-8ADD-92D776B537AA}"
EndProject
Global
	GlobalSection(SolutionConfigurationPlatforms) = preSolution
		Debug|Any CPU = Debug|Any CPU
		Release|Any CPU = Release|Any CPU
	EndGlobalSection
	GlobalSection(ProjectConfigurationPlatforms) = postSolution
		{A370C9DF-EA33-4455-9496-38D096BE5313}.Debug|Any CPU.ActiveCfg = Debug|Any CPU
		{A370C9DF-EA33-4455-9496-38D096BE5313}.Debug|Any CPU.Build.0 = Debug|Any CPU
		{A370C9DF-EA33-4455-9496-38D096BE5313}.Release|Any CPU.ActiveCfg = Release|Any CPU
		{A370C9DF-EA33-4455-9496-38D096BE5313}.Release|Any CPU.Build.0 = Release|Any CPU
		{289DC1FF-592E-401A-9F06-DD1BA419E537}.Debug|Any CPU.ActiveCfg = Debug|Any CPU
		{289DC1FF-592E-401A-9F06-DD1BA419E537}.Debug|Any CPU.Build.0 = Debug|Any CPU
		{289DC1FF-592E-401A-9F06-DD1BA419E537}.Release|Any CPU.ActiveCfg = Release|Any CPU
		{289DC1FF-592E-401A-9F06-DD1BA419E537}.Release|Any CPU.Build.0 = Release|Any CPU
		{71337F44-8CB4-4CD5-8ADD-92D776B537AA}.Debug|Any CPU.ActiveCfg = Debug|Any CPU
		{71337F44-8CB4-4CD5-8ADD-92D776B537AA}.Debug|Any CPU.Build.0 = Debug|Any CPU
		{71337F44-8CB4-4CD5-8ADD-92D776B537AA}.Release|Any CPU.ActiveCfg = Release|Any CPU
		{71337F44-8CB4-4CD5-8ADD-92D776B537AA}.Release|Any CPU.Build.0 = Release|Any CPU
	EndGlobalSection
	GlobalSection(SolutionProperties) = preSolution
		HideSolutionNode = FALSE
	EndGlobalSection
EndGlobal
