
Microsoft Visual Studio Solution File, Format Version 12.00
# Visual Studio 2012
Project("{FAE04EC0-301F-11D3-BF4B-00C04F79EFBC}") = "program1", "program1\program1.csproj", "{C2FD4557-C156-467E-BFA1-511E939252D5}"
EndProject
Project("{FAE04EC0-301F-11D3-BF4B-00C04F79EFBC}") = "UnitTestProject1", "UnitTestProject1\UnitTestProject1.csproj", "{CADFF611-521A-4356-94FF-E5CDBBEB7A97}"
EndProject
Global
	GlobalSection(SolutionConfigurationPlatforms) = preSolution
		Debug|Any CPU = Debug|Any CPU
		Release|Any CPU = Release|Any CPU
	EndGlobalSection
	GlobalSection(ProjectConfigurationPlatforms) = postSolution
		{C2FD4557-C156-467E-BFA1-511E939252D5}.Debug|Any CPU.ActiveCfg = Debug|Any CPU
		{C2FD4557-C156-467E-BFA1-511E939252D5}.Debug|Any CPU.Build.0 = Debug|Any CPU
		{C2FD4557-C156-467E-BFA1-511E939252D5}.Release|Any CPU.ActiveCfg = Release|Any CPU
		{C2FD4557-C156-467E-BFA1-511E939252D5}.Release|Any CPU.Build.0 = Release|Any CPU
		{CADFF611-521A-4356-94FF-E5CDBBEB7A97}.Debug|Any CPU.ActiveCfg = Debug|Any CPU
		{CADFF611-521A-4356-94FF-E5CDBBEB7A97}.Debug|Any CPU.Build.0 = Debug|Any CPU
		{CADFF611-521A-4356-94FF-E5CDBBEB7A97}.Release|Any CPU.ActiveCfg = Release|Any CPU
		{CADFF611-521A-4356-94FF-E5CDBBEB7A97}.Release|Any CPU.Build.0 = Release|Any CPU
	EndGlobalSection
	GlobalSection(SolutionProperties) = preSolution
		HideSolutionNode = FALSE
	EndGlobalSection
EndGlobal
